
Microsoft Visual Studio Solution File, Format Version 11.00
# Visual Studio 2010
Project("{FAE04EC0-301F-11D3-BF4B-00C04F79EFBC}") = "SerialComms", "SerialComms\SerialComms.csproj", "{5A1993F6-9649-4160-B809-024171820112}"
EndProject
Project("{FAE04EC0-301F-11D3-BF4B-00C04F79EFBC}") = "SerialCommsTest", "SerialCommsTest\SerialCommsTest.csproj", "{B8285B21-FDBE-436C-B0B1-91BEE450096B}"
EndProject
Global
	GlobalSection(SolutionConfigurationPlatforms) = preSolution
		Debug|Any CPU = Debug|Any CPU
		Debug|Mixed Platforms = Debug|Mixed Platforms
		Debug|x86 = Debug|x86
		Release|Any CPU = Release|Any CPU
		Release|Mixed Platforms = Release|Mixed Platforms
		Release|x86 = Release|x86
	EndGlobalSection
	GlobalSection(ProjectConfigurationPlatforms) = postSolution
		{5A1993F6-9649-4160-B809-024171820112}.Debug|Any CPU.ActiveCfg = Debug|Any CPU
		{5A1993F6-9649-4160-B809-024171820112}.Debug|Any CPU.Build.0 = Debug|Any CPU
		{5A1993F6-9649-4160-B809-024171820112}.Debug|Mixed Platforms.ActiveCfg = Debug|Any CPU
		{5A1993F6-9649-4160-B809-024171820112}.Debug|Mixed Platforms.Build.0 = Debug|Any CPU
		{5A1993F6-9649-4160-B809-024171820112}.Debug|x86.ActiveCfg = Debug|Any CPU
		{5A1993F6-9649-4160-B809-024171820112}.Release|Any CPU.ActiveCfg = Release|Any CPU
		{5A1993F6-9649-4160-B809-024171820112}.Release|Any CPU.Build.0 = Release|Any CPU
		{5A1993F6-9649-4160-B809-024171820112}.Release|Mixed Platforms.ActiveCfg = Release|Any CPU
		{5A1993F6-9649-4160-B809-024171820112}.Release|Mixed Platforms.Build.0 = Release|Any CPU
		{5A1993F6-9649-4160-B809-024171820112}.Release|x86.ActiveCfg = Release|Any CPU
		{B8285B21-FDBE-436C-B0B1-91BEE450096B}.Debug|Any CPU.ActiveCfg = Debug|x86
		{B8285B21-FDBE-436C-B0B1-91BEE450096B}.Debug|Mixed Platforms.ActiveCfg = Debug|x86
		{B8285B21-FDBE-436C-B0B1-91BEE450096B}.Debug|Mixed Platforms.Build.0 = Debug|x86
		{B8285B21-FDBE-436C-B0B1-91BEE450096B}.Debug|x86.ActiveCfg = Debug|x86
		{B8285B21-FDBE-436C-B0B1-91BEE450096B}.Debug|x86.Build.0 = Debug|x86
		{B8285B21-FDBE-436C-B0B1-91BEE450096B}.Release|Any CPU.ActiveCfg = Release|x86
		{B8285B21-FDBE-436C-B0B1-91BEE450096B}.Release|Mixed Platforms.ActiveCfg = Release|x86
		{B8285B21-FDBE-436C-B0B1-91BEE450096B}.Release|Mixed Platforms.Build.0 = Release|x86
		{B8285B21-FDBE-436C-B0B1-91BEE450096B}.Release|x86.ActiveCfg = Release|x86
		{B8285B21-FDBE-436C-B0B1-91BEE450096B}.Release|x86.Build.0 = Release|x86
	EndGlobalSection
	GlobalSection(SolutionProperties) = preSolution
		HideSolutionNode = FALSE
	EndGlobalSection
EndGlobal
